
Microsoft Visual Studio Solution File, Format Version 12.00
# Visual Studio Version 16
VisualStudioVersion = 16.0.30002.166
MinimumVisualStudioVersion = 10.0.40219.1
Project("{FAE04EC0-301F-11D3-BF4B-00C04F79EFBC}") = "DataGenerator", "DataGenerator\DataGenerator.csproj", "{A3BAD4FB-32D3-482B-864A-203436CA155D}"
EndProject
Project("{FAE04EC0-301F-11D3-BF4B-00C04F79EFBC}") = "WPFChart", "WPFChart\WPFChart.csproj", "{01473672-63DA-4E6B-BA39-FA8E84E6F5D8}"
EndProject
Project("{FAE04EC0-301F-11D3-BF4B-00C04F79EFBC}") = "WPFChart_Infragistics", "Infragistics\WPFChart_Infragistics.csproj", "{8D3B3BEB-F199-4051-8AF9-1FA4B5AE0774}"
EndProject
Project("{FAE04EC0-301F-11D3-BF4B-00C04F79EFBC}") = "WPFChart_Scicharts", "Scicharts\WPFChart_Scicharts.csproj", "{3BBFED54-B9B4-40B8-B287-02814802F235}"
EndProject
Project("{FAE04EC0-301F-11D3-BF4B-00C04F79EFBC}") = "WPFChart_Telerik", "Telerik\WPFChart_Telerik.csproj", "{778C6BFF-09E7-4607-A91F-F7325E87D6BE}"
EndProject
Project("{FAE04EC0-301F-11D3-BF4B-00C04F79EFBC}") = "WPFChart_Teechart", "Stema\WPFChart_Teechart.csproj", "{63CC301F-0E9A-47FC-829F-C58B6C64ECCB}"
EndProject
Project("{FAE04EC0-301F-11D3-BF4B-00C04F79EFBC}") = "WPFChart_Syncfusion", "Syncfusion\WPFChart_Syncfusion.csproj", "{57615A5C-6C1D-4AAD-BE4C-1CCACB04BBAA}"
EndProject
Global
	GlobalSection(SolutionConfigurationPlatforms) = preSolution
		Debug|Any CPU = Debug|Any CPU
		Release|Any CPU = Release|Any CPU
	EndGlobalSection
	GlobalSection(ProjectConfigurationPlatforms) = postSolution
		{A3BAD4FB-32D3-482B-864A-203436CA155D}.Debug|Any CPU.ActiveCfg = Debug|Any CPU
		{A3BAD4FB-32D3-482B-864A-203436CA155D}.Debug|Any CPU.Build.0 = Debug|Any CPU
		{A3BAD4FB-32D3-482B-864A-203436CA155D}.Release|Any CPU.ActiveCfg = Release|Any CPU
		{A3BAD4FB-32D3-482B-864A-203436CA155D}.Release|Any CPU.Build.0 = Release|Any CPU
		{01473672-63DA-4E6B-BA39-FA8E84E6F5D8}.Debug|Any CPU.ActiveCfg = Debug|Any CPU
		{01473672-63DA-4E6B-BA39-FA8E84E6F5D8}.Debug|Any CPU.Build.0 = Debug|Any CPU
		{01473672-63DA-4E6B-BA39-FA8E84E6F5D8}.Release|Any CPU.ActiveCfg = Release|Any CPU
		{01473672-63DA-4E6B-BA39-FA8E84E6F5D8}.Release|Any CPU.Build.0 = Release|Any CPU
		{8D3B3BEB-F199-4051-8AF9-1FA4B5AE0774}.Debug|Any CPU.ActiveCfg = Debug|Any CPU
		{8D3B3BEB-F199-4051-8AF9-1FA4B5AE0774}.Debug|Any CPU.Build.0 = Debug|Any CPU
		{8D3B3BEB-F199-4051-8AF9-1FA4B5AE0774}.Release|Any CPU.ActiveCfg = Release|Any CPU
		{8D3B3BEB-F199-4051-8AF9-1FA4B5AE0774}.Release|Any CPU.Build.0 = Release|Any CPU
		{3BBFED54-B9B4-40B8-B287-02814802F235}.Debug|Any CPU.ActiveCfg = Debug|Any CPU
		{3BBFED54-B9B4-40B8-B287-02814802F235}.Debug|Any CPU.Build.0 = Debug|Any CPU
		{3BBFED54-B9B4-40B8-B287-02814802F235}.Release|Any CPU.ActiveCfg = Release|Any CPU
		{3BBFED54-B9B4-40B8-B287-02814802F235}.Release|Any CPU.Build.0 = Release|Any CPU
		{778C6BFF-09E7-4607-A91F-F7325E87D6BE}.Debug|Any CPU.ActiveCfg = Debug|Any CPU
		{778C6BFF-09E7-4607-A91F-F7325E87D6BE}.Debug|Any CPU.Build.0 = Debug|Any CPU
		{778C6BFF-09E7-4607-A91F-F7325E87D6BE}.Release|Any CPU.ActiveCfg = Release|Any CPU
		{778C6BFF-09E7-4607-A91F-F7325E87D6BE}.Release|Any CPU.Build.0 = Release|Any CPU
		{63CC301F-0E9A-47FC-829F-C58B6C64ECCB}.Debug|Any CPU.ActiveCfg = Debug|Any CPU
		{63CC301F-0E9A-47FC-829F-C58B6C64ECCB}.Debug|Any CPU.Build.0 = Debug|Any CPU
		{63CC301F-0E9A-47FC-829F-C58B6C64ECCB}.Release|Any CPU.ActiveCfg = Release|Any CPU
		{63CC301F-0E9A-47FC-829F-C58B6C64ECCB}.Release|Any CPU.Build.0 = Release|Any CPU
		{57615A5C-6C1D-4AAD-BE4C-1CCACB04BBAA}.Debug|Any CPU.ActiveCfg = Debug|Any CPU
		{57615A5C-6C1D-4AAD-BE4C-1CCACB04BBAA}.Debug|Any CPU.Build.0 = Debug|Any CPU
		{57615A5C-6C1D-4AAD-BE4C-1CCACB04BBAA}.Release|Any CPU.ActiveCfg = Release|Any CPU
		{57615A5C-6C1D-4AAD-BE4C-1CCACB04BBAA}.Release|Any CPU.Build.0 = Release|Any CPU
	EndGlobalSection
	GlobalSection(SolutionProperties) = preSolution
		HideSolutionNode = FALSE
	EndGlobalSection
	GlobalSection(ExtensibilityGlobals) = postSolution
		SolutionGuid = {EC297654-8205-4857-9FE7-B5C2DC75106F}
	EndGlobalSection
EndGlobal
